version = 1
revision = 3
requires-python = ">=3.14"
resolution-markers = [
    "sys_platform == 'win32'",
    "sys_platform == 'emscripten'",
    "sys_platform != 'emscripten' and sys_platform != 'win32'",
]

[[package]]
name = "colorama"
version = "0.4.6"
source = { registry = "https://pypi.org/simple" }
sdist = { url = "https://files.pythonhosted.org/packages/d8/53/6f443c9a4a8358a93a6792e2acffb9d9d5cb0a5cfd8802644b7b1c9a02e4/colorama-0.4.6.tar.gz", hash = "sha256:08695f5cb7ed6e0531a20572697297273c47b8cae5a63ffc6d6ed5c201be6e44", size = 27697, upload-time = "2022-10-25T02:36:22.414Z" }
wheels = [
    { url = "https://files.pythonhosted.org/packages/d1/d6/3965ed04c63042e047cb6a3e6ed1a63a35087b6a609aa3a15ed8ac56c221/colorama-0.4.6-py2.py3-none-any.whl", hash = "sha256:4f1d9991f5acc0ca119f9d443620b77f9d6b33703e51011c16baf57afb285fc6", size = 25335, upload-time = "2022-10-25T02:36:20.889Z" },
]

[[package]]
name = "coverage"
version = "7.15.0"
source = { registry = "https://pypi.org/simple" }
sdist = { url = "https://files.pythonhosted.org/packages/cc/8b/adeb62ea8951f13c4c7fef2e7a85e1a06b499c8d8237ea589d496029e53f/coverage-7.15.0.tar.gz", hash = "sha256:9ac3fe7a1435986463eaa8ee253ae2f2a268709ba4ae5c7dd1f52a05391ad78f", size = 925362, upload-time = "2026-07-02T13:10:50.535Z" }
wheels = [
    { url = "https://files.pythonhosted.org/packages/4f/9c/1e3ca54f72a3185ece06c58d871099898c48f0ed6430d17b6ab75f0d180a/coverage-7.15.0-cp314-cp314-macosx_10_15_x86_64.whl", hash = "sha256:41cb79af843222e11da87127ad0ecbfa878abadd0f770a4a99391a27d3887324", size = 220906, upload-time = "2026-07-02T13:09:51.339Z" },
    { url = "https://files.pythonhosted.org/packages/09/37/f718613d83b274880382f6b67e78f3802549ae39b0b3e65ae5b5974df56e/coverage-7.15.0-cp314-cp314-macosx_11_0_arm64.whl", hash = "sha256:7d2008989ef8fe54188d3f3bfa2e3099b025af11e90a6a1b9e7dc433d04263d8", size = 221239, upload-time = "2026-07-02T13:09:53.138Z" },
    { url = "https://files.pythonhosted.org/packages/a7/ce/22bae91e0b75445f68d365c7643ed0aa4880bbf77450ee74ca65bdae53a7/coverage-7.15.0-cp314-cp314-manylinux1_i686.manylinux_2_28_i686.manylinux_2_5_i686.whl", hash = "sha256:769e8ece11a596315ebf5aa7ec383aeeed016c091d2bf6363ffb996d41529092", size = 252286, upload-time = "2026-07-02T13:09:54.996Z" },
    { url = "https://files.pythonhosted.org/packages/dd/1e/bec5e32aa508615d9d7a2790effb25fb4dc28606e995816afe400b25ece3/coverage-7.15.0-cp314-cp314-manylinux1_x86_64.manylinux_2_28_x86_64.manylinux_2_5_x86_64.whl", hash = "sha256:65a6b6164ee5c39e2f3803f314292d6c61a607ba7fee253d1e03c42dc3903502", size = 254789, upload-time = "2026-07-02T13:09:56.678Z" },
    { url = "https://files.pythonhosted.org/packages/17/29/0e865435b4354e4a7c03b1b7920046d31d0a273d55decefea27e011cb9bf/coverage-7.15.0-cp314-cp314-manylinux2014_aarch64.manylinux_2_17_aarch64.manylinux_2_28_aarch64.whl", hash = "sha256:75128817f95a5c45bb01d65fd2d8b9cb54bbe03d81608fb70e3e14b437ad56c2", size = 256135, upload-time = "2026-07-02T13:09:58.343Z" },
    { url = "https://files.pythonhosted.org/packages/84/ff/33a870b58a13325d62fc0a6c8f01fa0ff667cef60c7498e2382a147dfa18/coverage-7.15.0-cp314-cp314-manylinux2014_ppc64le.manylinux_2_17_ppc64le.manylinux_2_28_ppc64le.whl", hash = "sha256:9887bb428fe2d4cd4bee89bac1a6c9932f484afd5b36fbd4ff6ea5f825bb1f5e", size = 258449, upload-time = "2026-07-02T13:10:00.057Z" },
    { url = "https://files.pythonhosted.org/packages/18/7b/6fffe596bf3ddba8462758d02c5dad730fd91055a6634aa2e4226229181a/coverage-7.15.0-cp314-cp314-manylinux_2_31_riscv64.manylinux_2_39_riscv64.whl", hash = "sha256:0bfc0be1f702042207a93a00523b1065ee1fe951e96edf311581c0bbc2e34888", size = 252313, upload-time = "2026-07-02T13:10:01.946Z" },
    { url = "https://files.pythonhosted.org/packages/58/1b/11468dd6c1676ab831a70cb9a8d4e198e8607fa0b7220ab918b73fe9bfbd/coverage-7.15.0-cp314-cp314-musllinux_1_2_aarch64.whl", hash = "sha256:f64627d55def5a43282d70e08396672692f77e4da610a5bb8bb4060b432b6859", size = 254142, upload-time = "2026-07-02T13:10:04.065Z" },
    { url = "https://files.pythonhosted.org/packages/79/41/29328e21d16b1b95092c30dd700e08cf915bd3734f836df8f3bdb0e8fa9f/coverage-7.15.0-cp314-cp314-musllinux_1_2_i686.whl", hash = "sha256:2c6f0fa473003905c6d5bac328ee4eba9fbea654f15bc24b8a3274b23363fa99", size = 252108, upload-time = "2026-07-02T13:10:06.11Z" },
    { url = "https://files.pythonhosted.org/packages/9b/de/05ccfb990439655b35afbfd8e0d13fe66677565a7d4eb38c3f5ef2635e1c/coverage-7.15.0-cp314-cp314-musllinux_1_2_ppc64le.whl", hash = "sha256:2bcf9afaf064172c6ec3c58a325a9957ad1178c05dd934e25f253321776e0676", size = 256385, upload-time = "2026-07-02T13:10:08.141Z" },
    { url = "https://files.pythonhosted.org/packages/51/0e/486828a3d2695ea7a2609f17ff572f6b01905e608379440a11da4b8dffbe/coverage-7.15.0-cp314-cp314-musllinux_1_2_riscv64.whl", hash = "sha256:baf06bc987115d6fb938d403f7eab684a057766c490367999a2b71a6883110c6", size = 251923, upload-time = "2026-07-02T13:10:10.179Z" },
    { url = "https://files.pythonhosted.org/packages/18/c7/03582b6715f078e5e558354c87616d945b9894cda2dace8e4009b17035e4/coverage-7.15.0-cp314-cp314-musllinux_1_2_x86_64.whl", hash = "sha256:f0405f2ff97b1c4c0e782cb32e02f32369bcf2e6b618b591d67e1ea754575dfe", size = 253580, upload-time = "2026-07-02T13:10:12.052Z" },
    { url = "https://files.pythonhosted.org/packages/db/dc/9e578bbaf2ecb4959a81b7e7601ad8cca772cba2892e8d144cb749b4a71a/coverage-7.15.0-cp314-cp314-win32.whl", hash = "sha256:ab282853ed5fbd64bbb162f19cb8fcb7087187508a6374b4f9c34ec1577c4e8f", size = 223107, upload-time = "2026-07-02T13:10:13.994Z" },
    { url = "https://files.pythonhosted.org/packages/ae/3e/c8c3b75d8dbe0e35f7b0cc3ff5e949fc59500f70b21d0398813f66740664/coverage-7.15.0-cp314-cp314-win_amd64.whl", hash = "sha256:3bb3040e9f4bbe26fcb0cd7cc85ac63e630d3f3a9c74f027abf4caa27e706663", size = 223597, upload-time = "2026-07-02T13:10:15.906Z" },
    { url = "https://files.pythonhosted.org/packages/cd/bc/3cbc9fb036eb388519bccd521f783499c39b64256013fbc362782f196fe1/coverage-7.15.0-cp314-cp314-win_arm64.whl", hash = "sha256:346771144d34f7fa84ec28386f78e0f31653f33cf35e19d253d5b35f9e8201da", size = 223020, upload-time = "2026-07-02T13:10:17.844Z" },
    { url = "https://files.pythonhosted.org/packages/28/00/199c4a8d656dff63102577a056c0fce2ff6a79e40adac092fc986c49cbf1/coverage-7.15.0-cp314-cp314t-macosx_10_15_x86_64.whl", hash = "sha256:d34a010905fb6401324ba016b5da03d574967f7b21ce48ea41e66f0f1f95f641", size = 221638, upload-time = "2026-07-02T13:10:19.703Z" },
    { url = "https://files.pythonhosted.org/packages/ba/8e/9d0092c96a3d3a26951ecc7020826aa57bcb1b119ca81acbba996884ab13/coverage-7.15.0-cp314-cp314t-macosx_11_0_arm64.whl", hash = "sha256:bb25d825d885ca8036795dacfc3924d33091fc76d71ebc99420c6b79e77d96fa", size = 221903, upload-time = "2026-07-02T13:10:21.514Z" },
    { url = "https://files.pythonhosted.org/packages/6d/b4/c0ca3028f42c9a08e51feb4561ef1192e5de99797cd1db5b04590c215bda/coverage-7.15.0-cp314-cp314t-manylinux1_i686.manylinux_2_28_i686.manylinux_2_5_i686.whl", hash = "sha256:94c9686bfe8a9a6810297aecbd99beaa3445f9e8dc2f80b1382cca0d86b64461", size = 263267, upload-time = "2026-07-02T13:10:23.261Z" },
    { url = "https://files.pythonhosted.org/packages/5f/aa/a375e3846e5d3c013dc600b2a3231089055c73d77f5393dd2192a8d64da6/coverage-7.15.0-cp314-cp314t-manylinux1_x86_64.manylinux_2_28_x86_64.manylinux_2_5_x86_64.whl", hash = "sha256:9bd671c25f9d85f09d7ec481d0e43d5139f486c06a37139847a7ce569788af72", size = 265390, upload-time = "2026-07-02T13:10:25.152Z" },
    { url = "https://files.pythonhosted.org/packages/92/e1/5783cdabb797305e1c9e4809fea496d31834c51fa772514f73dc148bcfc9/coverage-7.15.0-cp314-cp314t-manylinux2014_aarch64.manylinux_2_17_aarch64.manylinux_2_28_aarch64.whl", hash = "sha256:110cbdf8d2e216577312cf06ccf85539c0e5a5420ef747e4a4719b5e483c88cd", size = 267811, upload-time = "2026-07-02T13:10:27.249Z" },
    { url = "https://files.pythonhosted.org/packages/85/31/96d8bbf58b8e9193bc8389574a91a0db48355ee98feb66aa6bf8d1b32eea/coverage-7.15.0-cp314-cp314t-manylinux2014_ppc64le.manylinux_2_17_ppc64le.manylinux_2_28_ppc64le.whl", hash = "sha256:2c5d4619214f1d9993e7b00a8600d14614b7e9d84e89507460b126aa5e6559e5", size = 268928, upload-time = "2026-07-02T13:10:29.242Z" },
    { url = "https://files.pythonhosted.org/packages/5e/7a/5294567e811a1cb7eda93140c628fa050d66189da28da320f93d1d815c73/coverage-7.15.0-cp314-cp314t-manylinux_2_31_riscv64.manylinux_2_39_riscv64.whl", hash = "sha256:781a704516e2d8346fbbd5be6c6f3412dd824785146528b3a01816f26c081007", size = 262378, upload-time = "2026-07-02T13:10:31.107Z" },
    { url = "https://files.pythonhosted.org/packages/69/3f/3f48538421f899f28946f90a3d272136a4686e1abf461cc9249a783ee0f3/coverage-7.15.0-cp314-cp314t-musllinux_1_2_aarch64.whl", hash = "sha256:bd4a1b44bcb65ee29e947ac92bbee04956df3a6bfc6143641bb6cae7ede00fc9", size = 265263, upload-time = "2026-07-02T13:10:32.942Z" },
    { url = "https://files.pythonhosted.org/packages/ce/d3/092df15efcab8a9c1467ee960eb8019bbad3f9300d115d89ea6195f369ff/coverage-7.15.0-cp314-cp314t-musllinux_1_2_i686.whl", hash = "sha256:0e4950c9d6d3e39c64c991814ff315e2d0b9cb8152363594212c9e55208c0a8f", size = 262866, upload-time = "2026-07-02T13:10:35.104Z" },
    { url = "https://files.pythonhosted.org/packages/e5/ab/0254d2b88665efb2c57ad368cc77ab5de3435bd8d5add4729c1b0e79431e/coverage-7.15.0-cp314-cp314t-musllinux_1_2_ppc64le.whl", hash = "sha256:fe9c87ff42e5472d80d21704972e1f96e104a0a599d77c5e35db5a3c562e2571", size = 266599, upload-time = "2026-07-02T13:10:37.05Z" },
    { url = "https://files.pythonhosted.org/packages/a8/79/1cfa4023e489ce6fbc7be4a5d442dbc375edb4f4fda39a352cedb53263c2/coverage-7.15.0-cp314-cp314t-musllinux_1_2_riscv64.whl", hash = "sha256:f00d5ae1dd2fe13fb8186e3e7d37bcbd8b25c0d764ff7d1b32cef9be058510a8", size = 261714, upload-time = "2026-07-02T13:10:38.966Z" },
    { url = "https://files.pythonhosted.org/packages/b7/eb/fee5c8665656be63f497418d410484637c438172568688e8ac92e06574e7/coverage-7.15.0-cp314-cp314t-musllinux_1_2_x86_64.whl", hash = "sha256:363ab38cc78b615f11c9cac3cf1d7eef950c18b9fdedfb9066f59461dcf84d68", size = 264025, upload-time = "2026-07-02T13:10:40.789Z" },
    { url = "https://files.pythonhosted.org/packages/ab/99/63005db722f91edc81abc16302f9cc2f6228c1679e46e15be9ae144b14d0/coverage-7.15.0-cp314-cp314t-win32.whl", hash = "sha256:54fd9c53a5fafff509195f1b6a3f9be615d8e8362a3629ff1de23d270c03c86b", size = 223413, upload-time = "2026-07-02T13:10:42.597Z" },
    { url = "https://files.pythonhosted.org/packages/c1/e8/2bc6181c4fb06f1a6b981eb85330cc57bfad7e3f710fc9c9d350013ba228/coverage-7.15.0-cp314-cp314t-win_amd64.whl", hash = "sha256:87b47553097ba185ed964866078e7e63adea9f5f51b5f39691c34f30afd21080", size = 224245, upload-time = "2026-07-02T13:10:44.47Z" },
    { url = "https://files.pythonhosted.org/packages/79/b8/4d959bf9cc45d0cfed2f4d35cafcab978cdb6ea02eb5100009cd740632a3/coverage-7.15.0-cp314-cp314t-win_arm64.whl", hash = "sha256:aeefb2dd178fe7eee79f0ad25d75855cb35ee9ed472db2c5ea06f5b4fd00cec5", size = 223558, upload-time = "2026-07-02T13:10:46.368Z" },
    { url = "https://files.pythonhosted.org/packages/52/30/21b2ad45959cd50e909e02ebac1e30b4ceb7162e91c11d4c570223a458b7/coverage-7.15.0-py3-none-any.whl", hash = "sha256:56da6a4cbe8f7e9e80bd072ca9cefe67d7106a440a7ec06519ec6507ac94ad19", size = 212632, upload-time = "2026-07-02T13:10:48.641Z" },
]

[[package]]
name = "fysvm"
version = "0.1.0"
source = { editable = "." }
dependencies = [
    { name = "numpy" },
    { name = "scikit-learn" },
    { name = "scipy" },
]

[package.dev-dependencies]
dev = [
    { name = "pytest" },
    { name = "pytest-cov" },
]

[package.metadata]
requires-dist = [
    { name = "numpy", specifier = ">=2.3" },
    { name = "scikit-learn", specifier = ">=1.8" },
    { name = "scipy", specifier = ">=1.16" },
]

[package.metadata.requires-dev]
dev = [
    { name = "pytest", specifier = ">=8.4" },
    { name = "pytest-cov", specifier = ">=6.0" },
]

[[package]]
name = "iniconfig"
version = "2.3.0"
source = { registry = "https://pypi.org/simple" }
sdist = { url = "https://files.pythonhosted.org/packages/72/34/14ca021ce8e5dfedc35312d08ba8bf51fdd999c576889fc2c24cb97f4f10/iniconfig-2.3.0.tar.gz", hash = "sha256:c76315c77db068650d49c5b56314774a7804df16fee4402c1f19d6d15d8c4730", size = 20503, upload-time = "2025-10-18T21:55:43.219Z" }
wheels = [
    { url = "https://files.pythonhosted.org/packages/cb/b1/3846dd7f199d53cb17f49cba7e651e9ce294d8497c8c150530ed11865bb8/iniconfig-2.3.0-py3-none-any.whl", hash = "sha256:f631c04d2c48c52b84d0d0549c99ff3859c98df65b3101406327ecc7d53fbf12", size = 7484, upload-time = "2025-10-18T21:55:41.639Z" },
]

[[package]]
name = "joblib"
version = "1.5.3"
source = { registry = "https://pypi.org/simple" }
sdist = { url = "https://files.pythonhosted.org/packages/41/f2/d34e8b3a08a9cc79a50b2208a93dce981fe615b64d5a4d4abee421d898df/joblib-1.5.3.tar.gz", hash = "sha256:8561a3269e6801106863fd0d6d84bb737be9e7631e33aaed3fb9ce5953688da3", size = 331603, upload-time = "2025-12-15T08:41:46.427Z" }
wheels = [
    { url = "https://files.pythonhosted.org/packages/7b/91/984aca2ec129e2757d1e4e3c81c3fcda9d0f85b74670a094cc443d9ee949/joblib-1.5.3-py3-none-any.whl", hash = "sha256:5fc3c5039fc5ca8c0276333a188bbd59d6b7ab37fe6632daa76bc7f9ec18e713", size = 309071, upload-time = "2025-12-15T08:41:44.973Z" },
]

[[package]]
name = "narwhals"
version = "2.22.1"
source = { registry = "https://pypi.org/simple" }
sdist = { url = "https://files.pythonhosted.org/packages/62/3c/c4ef2164a71c1a63d7f1ae411c4082c5fa872405106db60a4b7114989ad7/narwhals-2.22.1.tar.gz", hash = "sha256:d62920805a0a43b7ff8b54b0c0d3142d796f8a9301836ada37e573d6a33cbcd9", size = 647493, upload-time = "2026-06-05T12:34:34.051Z" }
wheels = [
    { url = "https://files.pythonhosted.org/packages/48/ca/36339329c4604adbcc99c899b7eb1ce1a555c499b6a6860757dc9bfed36d/narwhals-2.22.1-py3-none-any.whl", hash = "sha256:60567d774edf77db53906f89d9fbd164e66e56d66d388e1e6990f17ac33cfb53", size = 454815, upload-time = "2026-06-05T12:34:32.289Z" },
]

[[package]]
name = "numpy"
version = "2.4.6"
source = { registry = "https://pypi.org/simple" }
sdist = { url = "https://files.pythonhosted.org/packages/d0/ad/fed0499ce6a338d2a03ebae59cd15093910c8875328855781952abf6c2fe/numpy-2.4.6.tar.gz", hash = "sha256:f3a3570c4a2a16746ac2c31a7c7c7b0c186b95ce902e33db6f28094ed7387dda", size = 20735807, upload-time = "2026-05-18T23:37:14.07Z" }
wheels = [
    { url = "https://files.pythonhosted.org/packages/f8/91/3ab2044d05fd16d343c5ac2e69b127f1b2854040dd20b193257c78028bd3/numpy-2.4.6-cp314-cp314-macosx_10_15_x86_64.whl", hash = "sha256:06ca2f61ec4385a07a6977c55ba998a4466c123642b4a32694d3128fce18c079", size = 16683458, upload-time = "2026-05-18T23:35:38.353Z" },
    { url = "https://files.pythonhosted.org/packages/8e/62/764ce66fa4147ae6d73071a3abf804ffe606f174618697c571acdf26a7c9/numpy-2.4.6-cp314-cp314-macosx_11_0_arm64.whl", hash = "sha256:38efbc8de75c7a0fc1ac190162d892787f3f47b57cc291231aafee36b80982b7", size = 14704559, upload-time = "2026-05-18T23:35:42.14Z" },
    { url = "https://files.pythonhosted.org/packages/60/61/23f27c172f022e04025b7dc2367f4d63c1a398120607ec896228649a6f48/numpy-2.4.6-cp314-cp314-macosx_14_0_arm64.whl", hash = "sha256:d581b735e177fdcdce6fed8e7e8880a3fb6ee4e3653a3ac6af01c6f4c03effc5", size = 5209716, upload-time = "2026-05-18T23:35:45.377Z" },
    { url = "https://files.pythonhosted.org/packages/03/71/21cf70dc6ea3e3acb95fc53a265b2fc248b981f0194ceb5b475271b8809d/numpy-2.4.6-cp314-cp314-macosx_14_0_x86_64.whl", hash = "sha256:0a041d3d761dc3c35cc56ce0351506a02bcbc25f7b169f652435141a17db9096", size = 6543947, upload-time = "2026-05-18T23:35:47.926Z" },
    { url = "https://files.pythonhosted.org/packages/d5/91/64288395ee1799bd2e0b04a305dce9666da90c961e1f3fe982a05ee1c036/numpy-2.4.6-cp314-cp314-manylinux_2_27_aarch64.manylinux_2_28_aarch64.whl", hash = "sha256:40fdc1ae7125e518ea98e53e69a4ebc27e1fd50510c47b7ea130cf21e5e1d42b", size = 15685197, upload-time = "2026-05-18T23:35:50.863Z" },
    { url = "https://files.pythonhosted.org/packages/f3/eb/ebffaa97dc55502df69584a8f0dcf07f69a3e0b3e2323670a2722db9aa39/numpy-2.4.6-cp314-cp314-manylinux_2_27_x86_64.manylinux_2_28_x86_64.whl", hash = "sha256:a2c306dea656c12c68f51f4cea133cbe78ca7435eb28c735eac1d3ebe73be6e8", size = 16638245, upload-time = "2026-05-18T23:35:54.752Z" },
    { url = "https://files.pythonhosted.org/packages/b8/0b/54f9da33128d7e350fab89c7455902eeae70349ee52bddb448dc4a576f45/numpy-2.4.6-cp314-cp314-musllinux_1_2_aarch64.whl", hash = "sha256:33111801a01c12a8a1e3721f0a9232f8cfc8ae2c6b7098167e6f623c6073f402", size = 17036587, upload-time = "2026-05-18T23:35:58.355Z" },
    { url = "https://files.pythonhosted.org/packages/b6/f0/fdebc1052db1cc37c64beb22072d67cd6d1c71adca1299f53dec2b5e20d3/numpy-2.4.6-cp314-cp314-musllinux_1_2_x86_64.whl", hash = "sha256:ae506e6902902557576a26ff33eda8695e7ecb3cb36c3b573a0765dee114ebdb", size = 18363226, upload-time = "2026-05-18T23:36:02.845Z" },
    { url = "https://files.pythonhosted.org/packages/aa/b4/298628d98c72b57e57f7165ae6a481a1deaf6f3c28262a6e4c739c275930/numpy-2.4.6-cp314-cp314-win32.whl", hash = "sha256:aaf159caa35993cb1f56fb9b8e4610d35758e7ca005412eb1daa856a78c9c4b1", size = 6010196, upload-time = "2026-05-18T23:36:05.92Z" },
    { url = "https://files.pythonhosted.org/packages/df/ac/46de6dda46478f7942f839e094970be2d4a861e005c4b3bf07c92e291a09/numpy-2.4.6-cp314-cp314-win_amd64.whl", hash = "sha256:b507f5c4c1d508876d1819b6bf9a49d365b96320b5d4993426b33a23ca4b8261", size = 12450334, upload-time = "2026-05-18T23:36:09.107Z" },
    { url = "https://files.pythonhosted.org/packages/78/92/b8b798ac784102c0da830d2257d59358e3d3d90d1e2b3f2575dad976c5cf/numpy-2.4.6-cp314-cp314-win_arm64.whl", hash = "sha256:6f41ae150c4e32db4f3310cdaf64b1593a03dbabe29eec77fc9b50fe64061df6", size = 10495678, upload-time = "2026-05-18T23:36:12.766Z" },
    { url = "https://files.pythonhosted.org/packages/30/34/ec28d1aa8115971537c01469ab2011ee96827930f0a124de1000cc2a7ed7/numpy-2.4.6-cp314-cp314t-macosx_11_0_arm64.whl", hash = "sha256:ece3d2cfe132e7d51f44a832b303895e6f2d499c5e74dfbdb06ee246147a304a", size = 14823672, upload-time = "2026-05-18T23:36:16.473Z" },
    { url = "https://files.pythonhosted.org/packages/16/bd/f6d1fede4e54e8042a7ff97bb495510f3c220f94bcd9e8b228e87c92cc0d/numpy-2.4.6-cp314-cp314t-macosx_14_0_arm64.whl", hash = "sha256:e3e5193ef5a3dc73bceee50f7fdc2c90dbb76c42df8d8fae3d1067a583df579e", size = 5328731, upload-time = "2026-05-18T23:36:19.767Z" },
    { url = "https://files.pythonhosted.org/packages/f4/f0/e105b9e2fd728a9910103884decd6951d9dd73896b914a98d9a231de02ee/numpy-2.4.6-cp314-cp314t-macosx_14_0_x86_64.whl", hash = "sha256:17f9ade344e7d9b464a084d69bcf18fc691cb1db67c62ed80820bf4926d78f0e", size = 6649805, upload-time = "2026-05-18T23:36:22.266Z" },
    { url = "https://files.pythonhosted.org/packages/82/dd/1206a7ca6ab15e3f02069707ca96222e202af681bb73756da7527f3cb837/numpy-2.4.6-cp314-cp314t-manylinux_2_27_aarch64.manylinux_2_28_aarch64.whl", hash = "sha256:9cd5ffd25db4e7ba6a375693b3fc0fc1791ec636c17db3720da19bde7180ec43", size = 15730496, upload-time = "2026-05-18T23:36:25.713Z" },
    { url = "https://files.pythonhosted.org/packages/51/e7/38d3ea825dcab85a591734decb2f6c67caa7c8367d374df1a1c3842f9b07/numpy-2.4.6-cp314-cp314t-manylinux_2_27_x86_64.manylinux_2_28_x86_64.whl", hash = "sha256:7d92c3819208a60205a12a245c91ad70cb0a85336659b19b834205573ac8456e", size = 16679616, upload-time = "2026-05-18T23:36:29.652Z" },
    { url = "https://files.pythonhosted.org/packages/93/b7/caabfdf53edf663e0b4eb74d7d405d83baef09eb5e83bcd32d601d72b93e/numpy-2.4.6-cp314-cp314t-musllinux_1_2_aarch64.whl", hash = "sha256:e85b752a1e912b70eaad4fafbd4d1238007ab221de2009b9a2f5ae7461239895", size = 17085145, upload-time = "2026-05-18T23:36:33.449Z" },
    { url = "https://files.pythonhosted.org/packages/f9/45/68d7c33a6bcf3e5aa3bdbd57a367e6f615286dfd6482f97e8ffeb734306e/numpy-2.4.6-cp314-cp314t-musllinux_1_2_x86_64.whl", hash = "sha256:29cb7f67d10b479ff07c17d33e39f78c07f71c40ef30d63c153d340e96cd3fb4", size = 18403813, upload-time = "2026-05-18T23:36:37.369Z" },
    { url = "https://files.pythonhosted.org/packages/9c/50/0753655aa844c99cd9e018aacf76f130f1bd81d881bb74bc0aef5d73a8ba/numpy-2.4.6-cp314-cp314t-win32.whl", hash = "sha256:260a5d70215b61ab4fadf5c7baacd64821842975eea312125ed3c39a6391b063", size = 6156982, upload-time = "2026-05-18T23:36:40.817Z" },
    { url = "https://files.pythonhosted.org/packages/b2/d4/7c67becf668f973cb490cec3e98dfd799d866f9c989a54d355672cfa0db6/numpy-2.4.6-cp314-cp314t-win_amd64.whl", hash = "sha256:81a1cca95ed5bb92aa8b10dd2cdc9a0d3853a50fad926c28b5d7e8ea54389627", size = 12638908, upload-time = "2026-05-18T23:36:43.996Z" },
    { url = "https://files.pythonhosted.org/packages/43/bb/e1c71a4295b1b1d1393d50dbb4f2a36283c6859d9d3892e84f00ec5a91d5/numpy-2.4.6-cp314-cp314t-win_arm64.whl", hash = "sha256:0c9136e14ed34a9e343a31c533d78a9813a69a3148332bce5e9821cb2f996e66", size = 10565867, upload-time = "2026-05-18T23:36:47.114Z" },
]

[[package]]
name = "packaging"
version = "26.2"
source = { registry = "https://pypi.org/simple" }
sdist = { url = "https://files.pythonhosted.org/packages/d7/f1/e7a6dd94a8d4a5626c03e4e99c87f241ba9e350cd9e6d75123f992427270/packaging-26.2.tar.gz", hash = "sha256:ff452ff5a3e828ce110190feff1178bb1f2ea2281fa2075aadb987c2fb221661", size = 228134, upload-time = "2026-04-24T20:15:23.917Z" }
wheels = [
    { url = "https://files.pythonhosted.org/packages/df/b2/87e62e8c3e2f4b32e5fe99e0b86d576da1312593b39f47d8ceef365e95ed/packaging-26.2-py3-none-any.whl", hash = "sha256:5fc45236b9446107ff2415ce77c807cee2862cb6fac22b8a73826d0693b0980e", size = 100195, upload-time = "2026-04-24T20:15:22.081Z" },
]

[[package]]
name = "pluggy"
version = "1.6.0"
source = { registry = "https://pypi.org/simple" }
sdist = { url = "https://files.pythonhosted.org/packages/f9/e2/3e91f31a7d2b083fe6ef3fa267035b518369d9511ffab804f839851d2779/pluggy-1.6.0.tar.gz", hash = "sha256:7dcc130b76258d33b90f61b658791dede3486c3e6bfb003ee5c9bfb396dd22f3", size = 69412, upload-time = "2025-05-15T12:30:07.975Z" }
wheels = [
    { url = "https://files.pythonhosted.org/packages/54/20/4d324d65cc6d9205fabedc306948156824eb9f0ee1633355a8f7ec5c66bf/pluggy-1.6.0-py3-none-any.whl", hash = "sha256:e920276dd6813095e9377c0bc5566d94c932c33b27a3e3945d8389c374dd4746", size = 20538, upload-time = "2025-05-15T12:30:06.134Z" },
]

[[package]]
name = "pygments"
version = "2.20.0"
source = { registry = "https://pypi.org/simple" }
sdist = { url = "https://files.pythonhosted.org/packages/c3/b2/bc9c9196916376152d655522fdcebac55e66de6603a76a02bca1b6414f6c/pygments-2.20.0.tar.gz", hash = "sha256:6757cd03768053ff99f3039c1a36d6c0aa0b263438fcab17520b30a303a82b5f", size = 4955991, upload-time = "2026-03-29T13:29:33.898Z" }
wheels = [
    { url = "https://files.pythonhosted.org/packages/f4/7e/a72dd26f3b0f4f2bf1dd8923c85f7ceb43172af56d63c7383eb62b332364/pygments-2.20.0-py3-none-any.whl", hash = "sha256:81a9e26dd42fd28a23a2d169d86d7ac03b46e2f8b59ed4698fb4785f946d0176", size = 1231151, upload-time = "2026-03-29T13:29:30.038Z" },
]

[[package]]
name = "pytest"
version = "9.1.1"
source = { registry = "https://pypi.org/simple" }
dependencies = [
    { name = "colorama", marker = "sys_platform == 'win32'" },
    { name = "iniconfig" },
    { name = "packaging" },
    { name = "pluggy" },
    { name = "pygments" },
]
sdist = { url = "https://files.pythonhosted.org/packages/e4/47/b9efed96c114afcfa3c9d3fe98a76a1d14c74a9e266d397cf6eb64be5e01/pytest-9.1.1.tar.gz", hash = "sha256:1088fbde8f2b49d95a549a195707afa7a76a3ce9bcadc26b6d71f0ffda5fe313", size = 1636369, upload-time = "2026-06-19T10:58:32.857Z" }
wheels = [
    { url = "https://files.pythonhosted.org/packages/24/25/1de2678b631f5a49215c6c96fff41ba892b0a34df68d6d80292b1b48aa7f/pytest-9.1.1-py3-none-any.whl", hash = "sha256:37a86b45efb9a47a61a36449063e8e18d0cab3161329fc099eb21783169c4f0c", size = 386536, upload-time = "2026-06-19T10:58:31.347Z" },
]

[[package]]
name = "pytest-cov"
version = "7.1.0"
source = { registry = "https://pypi.org/simple" }
dependencies = [
    { name = "coverage" },
    { name = "pluggy" },
    { name = "pytest" },
]
sdist = { url = "https://files.pythonhosted.org/packages/b1/51/a849f96e117386044471c8ec2bd6cfebacda285da9525c9106aeb28da671/pytest_cov-7.1.0.tar.gz", hash = "sha256:30674f2b5f6351aa09702a9c8c364f6a01c27aae0c1366ae8016160d1efc56b2", size = 55592, upload-time = "2026-03-21T20:11:16.284Z" }
wheels = [
    { url = "https://files.pythonhosted.org/packages/9d/7a/d968e294073affff457b041c2be9868a40c1c71f4a35fcc1e45e5493067b/pytest_cov-7.1.0-py3-none-any.whl", hash = "sha256:a0461110b7865f9a271aa1b51e516c9a95de9d696734a2f71e3e78f46e1d4678", size = 22876, upload-time = "2026-03-21T20:11:14.438Z" },
]

[[package]]
name = "scikit-learn"
version = "1.9.0"
source = { registry = "https://pypi.org/simple" }
dependencies = [
    { name = "joblib" },
    { name = "narwhals" },
    { name = "numpy" },
    { name = "scipy" },
    { name = "threadpoolctl" },
]
sdist = { url = "https://files.pythonhosted.org/packages/fa/6f/37092bdb25f712817231799fc5674d8e704066a8a70c1d2d40517e18b4ab/scikit_learn-1.9.0.tar.gz", hash = "sha256:8833266989d3a5110178a9fae30783675460724d0e1efb13b14901d2c660c557", size = 7750767, upload-time = "2026-06-02T11:54:32.706Z" }
wheels = [
    { url = "https://files.pythonhosted.org/packages/f4/7d/c9a35cf59b20a86fec24d306f1547b78dec194b08d367ce2a3e4854169d9/scikit_learn-1.9.0-cp314-cp314-macosx_10_15_x86_64.whl", hash = "sha256:9656acd4e93f74e0b66c8a36c88830a99252dfa900044d36bc2212ae89a47162", size = 8713289, upload-time = "2026-06-02T11:53:58.788Z" },
    { url = "https://files.pythonhosted.org/packages/3c/a7/552a7821597c632b907f7bfe8f36f9f572777af8ef8a48353041cf8e091a/scikit_learn-1.9.0-cp314-cp314-macosx_12_0_arm64.whl", hash = "sha256:24360002ae845e7866522b0a5bbf690802e7bc388cac8663502e78aa98598aa2", size = 8245141, upload-time = "2026-06-02T11:54:01.694Z" },
    { url = "https://files.pythonhosted.org/packages/7d/79/f4a0c4fe9711154cddabf913471153af79056382ddc612cfe5ee0ff4b72e/scikit_learn-1.9.0-cp314-cp314-manylinux_2_27_aarch64.manylinux_2_28_aarch64.whl", hash = "sha256:5162ad10a418c8a282dde04c9aa06965de3e9a65f33c1440c0ae69bb1a09d913", size = 8847671, upload-time = "2026-06-02T11:54:04.448Z" },
    { url = "https://files.pythonhosted.org/packages/f0/af/4d72d9e475ac83719160c662619e4bf7b95c19507cd582e7d0167a3c3dae/scikit_learn-1.9.0-cp314-cp314-manylinux_2_27_x86_64.manylinux_2_28_x86_64.whl", hash = "sha256:1fea2cc5677ab49d6f5bade978c866da44957b712d92e9635e8b4f723013c3cb", size = 9118104, upload-time = "2026-06-02T11:54:07.205Z" },
    { url = "https://files.pythonhosted.org/packages/a2/d5/6a58eea2cb9abbb9b3f2bb8b2cfb3243d1152d69f442d256c7af71304769/scikit_learn-1.9.0-cp314-cp314-win_amd64.whl", hash = "sha256:64fa347efc1c839c487433e40c5144d38c336e8a2b59c81aa8660373945c2673", size = 8290674, upload-time = "2026-06-02T11:54:10.087Z" },
    { url = "https://files.pythonhosted.org/packages/65/5b/d4c879cf358f1187141cf90ced473f087183489090244f50c124a2ee478b/scikit_learn-1.9.0-cp314-cp314-win_arm64.whl", hash = "sha256:1b944b6db288f6b926e3650026ddafb988929de95d11fc2cc5fa117773c9ba42", size = 7978807, upload-time = "2026-06-02T11:54:12.769Z" },
    { url = "https://files.pythonhosted.org/packages/8a/43/bfae3121ec67ae09150d453c442c7c1cc166e9aefe056e6ab3b7728a5cfc/scikit_learn-1.9.0-cp314-cp314t-macosx_10_15_x86_64.whl", hash = "sha256:4ccacf04ca5f4b492158a5f28afe0ace43f81b2571e4b9a66d34848b46128949", size = 9031941, upload-time = "2026-06-02T11:54:15.436Z" },
    { url = "https://files.pythonhosted.org/packages/75/b0/20a4546eb17f3b25d3c66df15810411c14ed5065bcfab50b53c96fb627b2/scikit_learn-1.9.0-cp314-cp314t-macosx_12_0_arm64.whl", hash = "sha256:ee1a8db2c18c08e34c7412d4b10be1cac214cd4ea7dc9715a6a327eb49a37c96", size = 8613528, upload-time = "2026-06-02T11:54:18.842Z" },
    { url = "https://files.pythonhosted.org/packages/18/3c/e440e039bb82cd19004edaaad00acbde0fb9b461083c3ecf37941c557312/scikit_learn-1.9.0-cp314-cp314t-manylinux_2_27_aarch64.manylinux_2_28_aarch64.whl", hash = "sha256:147e9329ef0e39f75d4cffa02b2aa48d827832684926cd5210d9a2cb5c57246b", size = 8855050, upload-time = "2026-06-02T11:54:21.699Z" },
    { url = "https://files.pythonhosted.org/packages/43/26/b341b8dab5998da6270a3a42c2152c578501354d36f944b5856757035ef8/scikit_learn-1.9.0-cp314-cp314t-manylinux_2_27_x86_64.manylinux_2_28_x86_64.whl", hash = "sha256:5bad8f8b9950321b54c965fdcbac6c6c55e79e16646b49977bcf3668d3870a1a", size = 9097190, upload-time = "2026-06-02T11:54:24.454Z" },
    { url = "https://files.pythonhosted.org/packages/fb/de/b650b4d69b84468cfa2e28a3ff7b8103743029e6446ce1a97fe060ef688c/scikit_learn-1.9.0-cp314-cp314t-win_amd64.whl", hash = "sha256:78fc56eafd4edb9575d2d8950d1dd152061abb573341a1cb7e099fc40f6c6666", size = 8963204, upload-time = "2026-06-02T11:54:27.428Z" },
    { url = "https://files.pythonhosted.org/packages/ee/f3/ff83d76d7418112e5a61326443cdda87be3545dd8d6599c95b2481a4419e/scikit_learn-1.9.0-cp314-cp314t-win_arm64.whl", hash = "sha256:051075bda8b7aab87b1906ab3d4740a1e1224a19d7b3781a576736edc94e76aa", size = 8222661, upload-time = "2026-06-02T11:54:30.192Z" },
]

[[package]]
name = "scipy"
version = "1.18.0"
source = { registry = "https://pypi.org/simple" }
dependencies = [
    { name = "numpy" },
]
sdist = { url = "https://files.pythonhosted.org/packages/a7/25/c2700dfaf6442b4effaa91af24ebce5dc9d31bb4a69706313aae70d72cd0/scipy-1.18.0.tar.gz", hash = "sha256:67b2ad2ad54c72ca6d04975a9b2df8c3638c34ddd5b28738e94fc2b57929d378", size = 30774447, upload-time = "2026-06-19T15:01:43.456Z" }
wheels = [
    { url = "https://files.pythonhosted.org/packages/78/b5/915a19b3de2f7430062b509653563db1633ddbb6f021b06731521115d4e2/scipy-1.18.0-cp314-cp314-macosx_10_15_x86_64.whl", hash = "sha256:4c256ee70c0d1a8a2ace807e199ccd4e3f57037433842abb3fb36bc17eaa9578", size = 31036253, upload-time = "2026-06-19T15:00:43.216Z" },
    { url = "https://files.pythonhosted.org/packages/d7/88/b72def7262e150d16be13fca37a96481138d624e700340bc3362a7588929/scipy-1.18.0-cp314-cp314-macosx_12_0_arm64.whl", hash = "sha256:2ef3abc54a4ffc53765374b0d5728532dfdd2585ed23f6b11c206a1f0b1b9af8", size = 28673758, upload-time = "2026-06-19T15:00:46.663Z" },
    { url = "https://files.pythonhosted.org/packages/91/02/2e636a61a525632c373cf6a9c24442a3ffb79e364d38e98b32042964ac32/scipy-1.18.0-cp314-cp314-macosx_14_0_arm64.whl", hash = "sha256:f2a6af57bd9e4a75d70e4117e78a1bbee84f79ae3fbb6d0111005d6ebcc4cb8d", size = 20415514, upload-time = "2026-06-19T15:00:49.399Z" },
    { url = "https://files.pythonhosted.org/packages/c9/b6/2135974442f6aba159d9d39d774a1c8cb19947016725d69fecc685df45bf/scipy-1.18.0-cp314-cp314-macosx_14_0_x86_64.whl", hash = "sha256:3f1ac564d3bf6c03d861d2cd87a1bea0da2887136f7fb1bf519c05a8971452d6", size = 23034398, upload-time = "2026-06-19T15:00:51.941Z" },
    { url = "https://files.pythonhosted.org/packages/f6/e6/ba89ec5abf6ee9257c0d1ec985573f3ae32742c24bc03e016388a40b1b15/scipy-1.18.0-cp314-cp314-manylinux_2_27_aarch64.manylinux_2_28_aarch64.whl", hash = "sha256:40395a5fcd1abee49a5c7aaa98c29db393eedc835138560a588c47ec16156690", size = 33998032, upload-time = "2026-06-19T15:00:54.838Z" },
    { url = "https://files.pythonhosted.org/packages/7f/c4/bc41eb19b0fd0db868f4132920879019318d80cc522ad8f2bca4611af808/scipy-1.18.0-cp314-cp314-manylinux_2_27_x86_64.manylinux_2_28_x86_64.whl", hash = "sha256:8ca01e8ae69f1b18e9a58d91afead31be3cef0dd905a10249dac559ee15460a0", size = 35283333, upload-time = "2026-06-19T15:00:58.152Z" },
    { url = "https://files.pythonhosted.org/packages/53/a4/cbdeef6eb3830a8462a9d4ada814de5fc984345cc9ecf17cbec51a036f1e/scipy-1.18.0-cp314-cp314-musllinux_1_2_aarch64.whl", hash = "sha256:7a7f3b01647384dbc3a711e8c6778e0aabbe93959249fef5c7393396bcac0867", size = 35610216, upload-time = "2026-06-19T15:01:01.155Z" },
    { url = "https://files.pythonhosted.org/packages/80/4d/b2b82502b65f661d1b789c1665dcdf315d5f12194e06fc0b37946294ebae/scipy-1.18.0-cp314-cp314-musllinux_1_2_x86_64.whl", hash = "sha256:6aa94e78ec192a30063a5e72e561c28af769dc311190b24fe91774eff1969709", size = 37418960, upload-time = "2026-06-19T15:01:04.155Z" },
    { url = "https://files.pythonhosted.org/packages/93/3e/902d836831474b0ab5a37d16404f7bc5fafd9efba632890e271ba952635f/scipy-1.18.0-cp314-cp314-win_amd64.whl", hash = "sha256:2d8bbdc6c817f5b4006a54d799d4f5bab6f910193cbb9a1ff310833d4d270f61", size = 37288845, upload-time = "2026-06-19T15:01:07.822Z" },
    { url = "https://files.pythonhosted.org/packages/b6/43/8d73b337a3bdb14daa0314f0434210747c02d79d729ce1777574a817dcf6/scipy-1.18.0-cp314-cp314-win_arm64.whl", hash = "sha256:18e9575f1569b2c54174e6159d32942e03731177f63dce7975f0a0c88d102f5b", size = 24988971, upload-time = "2026-06-19T15:01:11.076Z" },
    { url = "https://files.pythonhosted.org/packages/b4/b4/f11918b0508a2787031a0499a03fbe3546f3bb5ca05d01038c45b278c09a/scipy-1.18.0-cp314-cp314t-macosx_10_15_x86_64.whl", hash = "sha256:f351e0dd702687d12a402b867a1b4146a256923e1c38317cbc472f6372b94707", size = 31399325, upload-time = "2026-06-19T15:01:13.723Z" },
    { url = "https://files.pythonhosted.org/packages/7b/d1/1f287b57c0ff0ee5185dff3946d92c8017d39b0e431f0ae79a3ff1859512/scipy-1.18.0-cp314-cp314t-macosx_12_0_arm64.whl", hash = "sha256:7c7a51b33ce387193c97f228320cf8e87361daa1bba750638677729598b3e677", size = 29092110, upload-time = "2026-06-19T15:01:16.908Z" },
    { url = "https://files.pythonhosted.org/packages/ff/1a/7b74eb6c392fdcb27d414c0e7558a6d0231eb3b6d73571f479bb81ea8794/scipy-1.18.0-cp314-cp314t-macosx_14_0_arm64.whl", hash = "sha256:84031d7b052a54fae2f8632e0ec802073d385476eb9a63079bce6e23ef9283d4", size = 20833811, upload-time = "2026-06-19T15:01:20.488Z" },
    { url = "https://files.pythonhosted.org/packages/7c/ad/f3941716320a7b9cb4d68734a903b45fe16eff5fb7da7e16f2e619304979/scipy-1.18.0-cp314-cp314t-macosx_14_0_x86_64.whl", hash = "sha256:56abf29a7c067dde59be8b9a22d606a4ea1b2f2a4b756d9d903c62818f5dacce", size = 23396644, upload-time = "2026-06-19T15:01:23.364Z" },
    { url = "https://files.pythonhosted.org/packages/22/22/1446b62ffe07f9719b7d9b1b6a4e05a772833ae8f441fe4c22c34c9b250f/scipy-1.18.0-cp314-cp314t-manylinux_2_27_aarch64.manylinux_2_28_aarch64.whl", hash = "sha256:1ad44305cfa24b1ba5803cbbebf033590ccbac1aa5d612d727b785325ab408b0", size = 34079318, upload-time = "2026-06-19T15:01:26.002Z" },
    { url = "https://files.pythonhosted.org/packages/56/3b/b87da667098bb470fa30c7011b0ba351ee976dd395c78798c66e941665a3/scipy-1.18.0-cp314-cp314t-manylinux_2_27_x86_64.manylinux_2_28_x86_64.whl", hash = "sha256:945c1761b93f38d7f99ae81ae80c63e621471608c7eeead563f6df025585cd58", size = 35324320, upload-time = "2026-06-19T15:01:28.881Z" },
    { url = "https://files.pythonhosted.org/packages/f8/a1/c7932f91909759b0267f75fdea34e91309f96b895757534b76a90b6b4344/scipy-1.18.0-cp314-cp314t-musllinux_1_2_aarch64.whl", hash = "sha256:1a4441f15d620578772a49e5ab48c0ee1f7a0220e387110283062729136b2553", size = 35699541, upload-time = "2026-06-19T15:01:31.968Z" },
    { url = "https://files.pythonhosted.org/packages/f7/86/5185061a1fcc41d18c5dc2463969b3a3964b31d9ac67b2fb05d4c7ff7670/scipy-1.18.0-cp314-cp314t-musllinux_1_2_x86_64.whl", hash = "sha256:9aac6192fac56bf2ca534389d24623f07b39ff83317d58287285e7fbd622ff76", size = 37472480, upload-time = "2026-06-19T15:01:35.136Z" },
    { url = "https://files.pythonhosted.org/packages/31/8e/f04c68e39919a010d34f2ee1367fd705b0a25a02f609d755f0bfbc0a15fc/scipy-1.18.0-cp314-cp314t-win_amd64.whl", hash = "sha256:e40baea28ae7f5475c779741e2d90b1247c78531207b49c7030e698ff81cee3f", size = 37365390, upload-time = "2026-06-19T15:01:38.091Z" },
    { url = "https://files.pythonhosted.org/packages/d5/19/969dc072906c84dd0a3b05dcf57ea750936087d7873549e408b35cfc3f97/scipy-1.18.0-cp314-cp314t-win_arm64.whl", hash = "sha256:368e0a705903c466aa5f08eefb39e6b1b6b2d659e7352a31fd9e2438365be0f8", size = 25279661, upload-time = "2026-06-19T15:01:40.817Z" },
]

[[package]]
name = "threadpoolctl"
version = "3.6.0"
source = { registry = "https://pypi.org/simple" }
sdist = { url = "https://files.pythonhosted.org/packages/b7/4d/08c89e34946fce2aec4fbb45c9016efd5f4d7f24af8e5d93296e935631d8/threadpoolctl-3.6.0.tar.gz", hash = "sha256:8ab8b4aa3491d812b623328249fab5302a68d2d71745c8a4c719a2fcaba9f44e", size = 21274, upload-time = "2025-03-13T13:49:23.031Z" }
wheels = [
    { url = "https://files.pythonhosted.org/packages/32/d5/f9a850d79b0851d1d4ef6456097579a9005b31fea68726a4ae5f2d82ddd9/threadpoolctl-3.6.0-py3-none-any.whl", hash = "sha256:43a0b8fd5a2928500110039e43a5eed8480b918967083ea48dc3ab9f13c4a7fb", size = 18638, upload-time = "2025-03-13T13:49:21.846Z" },
]
